
Microsoft Visual Studio Solution File, Format Version 12.00
# Visual Studio Version 16
VisualStudioVersion = 16.0.31515.178
MinimumVisualStudioVersion = 10.0.40219.1
Project("{F184B08F-C81C-45F6-A57F-5ABD9991F28F}") = "201905665_CINE", "201905665_CINE\201905665_CINE.vbproj", "{0876163E-6A46-4DA3-B8E5-5553D8EA1D22}"
EndProject
Global
	GlobalSection(SolutionConfigurationPlatforms) = preSolution
		Debug|Any CPU = Debug|Any CPU
		Release|Any CPU = Release|Any CPU
	EndGlobalSection
	GlobalSection(ProjectConfigurationPlatforms) = postSolution
		{0876163E-6A46-4DA3-B8E5-5553D8EA1D22}.Debug|Any CPU.ActiveCfg = Debug|Any CPU
		{0876163E-6A46-4DA3-B8E5-5553D8EA1D22}.Debug|Any CPU.Build.0 = Debug|Any CPU
		{0876163E-6A46-4DA3-B8E5-5553D8EA1D22}.Release|Any CPU.ActiveCfg = Release|Any CPU
		{0876163E-6A46-4DA3-B8E5-5553D8EA1D22}.Release|Any CPU.Build.0 = Release|Any CPU
	EndGlobalSection
	GlobalSection(SolutionProperties) = preSolution
		HideSolutionNode = FALSE
	EndGlobalSection
	GlobalSection(ExtensibilityGlobals) = postSolution
		SolutionGuid = {2E7D3C05-C386-4489-8B6D-51749C031098}
	EndGlobalSection
EndGlobal
